
Microsoft Visual Studio Solution File, Format Version 12.00
# Visual Studio Version 17
VisualStudioVersion = 17.7.34221.43
MinimumVisualStudioVersion = 10.0.40219.1
Project("{FAE04EC0-301F-11D3-BF4B-00C04F79EFBC}") = "1", "1\1.csproj", "{2A93F971-8DA2-4321-B6DB-918F9722B0EE}"
EndProject
Global
	GlobalSection(SolutionConfigurationPlatforms) = preSolution
		Debug|Any CPU = Debug|Any CPU
		Release|Any CPU = Release|Any CPU
	EndGlobalSection
	GlobalSection(ProjectConfigurationPlatforms) = postSolution
		{2A93F971-8DA2-4321-B6DB-918F9722B0EE}.Debug|Any CPU.ActiveCfg = Debug|Any CPU
		{2A93F971-8DA2-4321-B6DB-918F9722B0EE}.Debug|Any CPU.Build.0 = Debug|Any CPU
		{2A93F971-8DA2-4321-B6DB-918F9722B0EE}.Release|Any CPU.ActiveCfg = Release|Any CPU
		{2A93F971-8DA2-4321-B6DB-918F9722B0EE}.Release|Any CPU.Build.0 = Release|Any CPU
	EndGlobalSection
	GlobalSection(SolutionProperties) = preSolution
		HideSolutionNode = FALSE
	EndGlobalSection
	GlobalSection(ExtensibilityGlobals) = postSolution
		SolutionGuid = {CBA14F20-A288-4E9D-BFAD-43F0497E78EE}
	EndGlobalSection
EndGlobal
